
Microsoft Visual Studio Solution File, Format Version 12.00
# Visual Studio Version 16
VisualStudioVersion = 16.0.31205.134
MinimumVisualStudioVersion = 10.0.40219.1
Project("{F2A71F9B-5D33-465A-A702-920D77279786}") = "laba7.14 (34)", "laba7.14 (34)\laba7.14 (34).fsproj", "{807AAE1D-98D3-4175-98B4-DA9AAD1FB44D}"
EndProject
Global
	GlobalSection(SolutionConfigurationPlatforms) = preSolution
		Debug|Any CPU = Debug|Any CPU
		Release|Any CPU = Release|Any CPU
	EndGlobalSection
	GlobalSection(ProjectConfigurationPlatforms) = postSolution
		{807AAE1D-98D3-4175-98B4-DA9AAD1FB44D}.Debug|Any CPU.ActiveCfg = Debug|Any CPU
		{807AAE1D-98D3-4175-98B4-DA9AAD1FB44D}.Debug|Any CPU.Build.0 = Debug|Any CPU
		{807AAE1D-98D3-4175-98B4-DA9AAD1FB44D}.Release|Any CPU.ActiveCfg = Release|Any CPU
		{807AAE1D-98D3-4175-98B4-DA9AAD1FB44D}.Release|Any CPU.Build.0 = Release|Any CPU
	EndGlobalSection
	GlobalSection(SolutionProperties) = preSolution
		HideSolutionNode = FALSE
	EndGlobalSection
	GlobalSection(ExtensibilityGlobals) = postSolution
		SolutionGuid = {8F9DE0DA-296F-47E7-9BD0-E56D8277FE40}
	EndGlobalSection
EndGlobal
