
Microsoft Visual Studio Solution File, Format Version 12.00
# Visual Studio Version 16
VisualStudioVersion = 16.0.31205.134
MinimumVisualStudioVersion = 10.0.40219.1
Project("{F2A71F9B-5D33-465A-A702-920D77279786}") = "laba5.16", "laba5.16\laba5.16.fsproj", "{1E5A7DE8-640B-4973-A192-B2117348930D}"
EndProject
Global
	GlobalSection(SolutionConfigurationPlatforms) = preSolution
		Debug|Any CPU = Debug|Any CPU
		Release|Any CPU = Release|Any CPU
	EndGlobalSection
	GlobalSection(ProjectConfigurationPlatforms) = postSolution
		{1E5A7DE8-640B-4973-A192-B2117348930D}.Debug|Any CPU.ActiveCfg = Debug|Any CPU
		{1E5A7DE8-640B-4973-A192-B2117348930D}.Debug|Any CPU.Build.0 = Debug|Any CPU
		{1E5A7DE8-640B-4973-A192-B2117348930D}.Release|Any CPU.ActiveCfg = Release|Any CPU
		{1E5A7DE8-640B-4973-A192-B2117348930D}.Release|Any CPU.Build.0 = Release|Any CPU
	EndGlobalSection
	GlobalSection(SolutionProperties) = preSolution
		HideSolutionNode = FALSE
	EndGlobalSection
	GlobalSection(ExtensibilityGlobals) = postSolution
		SolutionGuid = {EA0CC067-8BFF-44E1-B434-0EA525776EDF}
	EndGlobalSection
EndGlobal
