
Microsoft Visual Studio Solution File, Format Version 12.00
# Visual Studio Version 16
VisualStudioVersion = 16.0.31205.134
MinimumVisualStudioVersion = 10.0.40219.1
Project("{F2A71F9B-5D33-465A-A702-920D77279786}") = "laba7.11", "laba7.11\laba7.11.fsproj", "{AB611433-B8B8-4A7F-AEC6-305010F0E796}"
EndProject
Global
	GlobalSection(SolutionConfigurationPlatforms) = preSolution
		Debug|Any CPU = Debug|Any CPU
		Release|Any CPU = Release|Any CPU
	EndGlobalSection
	GlobalSection(ProjectConfigurationPlatforms) = postSolution
		{AB611433-B8B8-4A7F-AEC6-305010F0E796}.Debug|Any CPU.ActiveCfg = Debug|Any CPU
		{AB611433-B8B8-4A7F-AEC6-305010F0E796}.Debug|Any CPU.Build.0 = Debug|Any CPU
		{AB611433-B8B8-4A7F-AEC6-305010F0E796}.Release|Any CPU.ActiveCfg = Release|Any CPU
		{AB611433-B8B8-4A7F-AEC6-305010F0E796}.Release|Any CPU.Build.0 = Release|Any CPU
	EndGlobalSection
	GlobalSection(SolutionProperties) = preSolution
		HideSolutionNode = FALSE
	EndGlobalSection
	GlobalSection(ExtensibilityGlobals) = postSolution
		SolutionGuid = {9BF3373B-4C25-4C3C-BDA9-53A2C1D68BDB}
	EndGlobalSection
EndGlobal
