
Microsoft Visual Studio Solution File, Format Version 12.00
# Visual Studio Version 16
VisualStudioVersion = 16.0.31205.134
MinimumVisualStudioVersion = 10.0.40219.1
Project("{F2A71F9B-5D33-465A-A702-920D77279786}") = "laba6.18 (40)", "laba6.18 (40)\laba6.18 (40).fsproj", "{906013C6-52B1-41A9-8E5C-A02F80372B78}"
EndProject
Global
	GlobalSection(SolutionConfigurationPlatforms) = preSolution
		Debug|Any CPU = Debug|Any CPU
		Release|Any CPU = Release|Any CPU
	EndGlobalSection
	GlobalSection(ProjectConfigurationPlatforms) = postSolution
		{906013C6-52B1-41A9-8E5C-A02F80372B78}.Debug|Any CPU.ActiveCfg = Debug|Any CPU
		{906013C6-52B1-41A9-8E5C-A02F80372B78}.Debug|Any CPU.Build.0 = Debug|Any CPU
		{906013C6-52B1-41A9-8E5C-A02F80372B78}.Release|Any CPU.ActiveCfg = Release|Any CPU
		{906013C6-52B1-41A9-8E5C-A02F80372B78}.Release|Any CPU.Build.0 = Release|Any CPU
	EndGlobalSection
	GlobalSection(SolutionProperties) = preSolution
		HideSolutionNode = FALSE
	EndGlobalSection
	GlobalSection(ExtensibilityGlobals) = postSolution
		SolutionGuid = {FDB150AB-28A6-4A0E-A038-2CB3453F0DD1}
	EndGlobalSection
EndGlobal
