
Microsoft Visual Studio Solution File, Format Version 12.00
# Visual Studio Version 16
VisualStudioVersion = 16.0.32428.217
MinimumVisualStudioVersion = 10.0.40219.1
Project("{F2A71F9B-5D33-465A-A702-920D77279786}") = "laba9.8", "laba9.8\laba9.8.fsproj", "{0A2B62A2-532D-401A-B6FF-76FD56A77D84}"
EndProject
Global
	GlobalSection(SolutionConfigurationPlatforms) = preSolution
		Debug|Any CPU = Debug|Any CPU
		Release|Any CPU = Release|Any CPU
	EndGlobalSection
	GlobalSection(ProjectConfigurationPlatforms) = postSolution
		{0A2B62A2-532D-401A-B6FF-76FD56A77D84}.Debug|Any CPU.ActiveCfg = Debug|Any CPU
		{0A2B62A2-532D-401A-B6FF-76FD56A77D84}.Debug|Any CPU.Build.0 = Debug|Any CPU
		{0A2B62A2-532D-401A-B6FF-76FD56A77D84}.Release|Any CPU.ActiveCfg = Release|Any CPU
		{0A2B62A2-532D-401A-B6FF-76FD56A77D84}.Release|Any CPU.Build.0 = Release|Any CPU
	EndGlobalSection
	GlobalSection(SolutionProperties) = preSolution
		HideSolutionNode = FALSE
	EndGlobalSection
	GlobalSection(ExtensibilityGlobals) = postSolution
		SolutionGuid = {8C39C42D-B4CD-4342-A0C4-D857DAEBD25E}
	EndGlobalSection
EndGlobal
