
Microsoft Visual Studio Solution File, Format Version 12.00
# Visual Studio Version 16
VisualStudioVersion = 16.0.31205.134
MinimumVisualStudioVersion = 10.0.40219.1
Project("{F2A71F9B-5D33-465A-A702-920D77279786}") = "laba7.12 (14)", "laba7.12 (14)\laba7.12 (14).fsproj", "{0BFACD96-680A-44B1-9219-3169A5576294}"
EndProject
Global
	GlobalSection(SolutionConfigurationPlatforms) = preSolution
		Debug|Any CPU = Debug|Any CPU
		Release|Any CPU = Release|Any CPU
	EndGlobalSection
	GlobalSection(ProjectConfigurationPlatforms) = postSolution
		{0BFACD96-680A-44B1-9219-3169A5576294}.Debug|Any CPU.ActiveCfg = Debug|Any CPU
		{0BFACD96-680A-44B1-9219-3169A5576294}.Debug|Any CPU.Build.0 = Debug|Any CPU
		{0BFACD96-680A-44B1-9219-3169A5576294}.Release|Any CPU.ActiveCfg = Release|Any CPU
		{0BFACD96-680A-44B1-9219-3169A5576294}.Release|Any CPU.Build.0 = Release|Any CPU
	EndGlobalSection
	GlobalSection(SolutionProperties) = preSolution
		HideSolutionNode = FALSE
	EndGlobalSection
	GlobalSection(ExtensibilityGlobals) = postSolution
		SolutionGuid = {45B61288-ECE7-4176-B47F-972D97524415}
	EndGlobalSection
EndGlobal
